
Microsoft Visual Studio Solution File, Format Version 12.00
# Visual Studio Version 17
VisualStudioVersion = 17.10.34916.146
MinimumVisualStudioVersion = 10.0.40219.1
Project("{9A19103F-16F7-4668-BE54-9A1E7A4F7556}") = "ShoppingCore", "ShopingCore\ShoppingCore.csproj", "{8299A149-8AE5-4DE6-A7B8-595F14CE73E7}"
EndProject
Project("{FAE04EC0-301F-11D3-BF4B-00C04F79EFBC}") = "Domain", "Domain\Domain.csproj", "{CEBB0024-B8F0-43AB-ADF7-55DAE09C4F27}"
EndProject
Project("{FAE04EC0-301F-11D3-BF4B-00C04F79EFBC}") = "Application", "Application\Application.csproj", "{3CDF7759-D72E-40FA-BE72-57F2C45F0D66}"
EndProject
Project("{FAE04EC0-301F-11D3-BF4B-00C04F79EFBC}") = "Infrastructure", "Infrastructure\Infrastructure.csproj", "{5E397637-16E5-412F-9B49-1E7C19762F61}"
EndProject
Global
	GlobalSection(SolutionConfigurationPlatforms) = preSolution
		Debug|Any CPU = Debug|Any CPU
		Release|Any CPU = Release|Any CPU
	EndGlobalSection
	GlobalSection(ProjectConfigurationPlatforms) = postSolution
		{8299A149-8AE5-4DE6-A7B8-595F14CE73E7}.Debug|Any CPU.ActiveCfg = Debug|Any CPU
		{8299A149-8AE5-4DE6-A7B8-595F14CE73E7}.Debug|Any CPU.Build.0 = Debug|Any CPU
		{8299A149-8AE5-4DE6-A7B8-595F14CE73E7}.Release|Any CPU.ActiveCfg = Release|Any CPU
		{8299A149-8AE5-4DE6-A7B8-595F14CE73E7}.Release|Any CPU.Build.0 = Release|Any CPU
		{CEBB0024-B8F0-43AB-ADF7-55DAE09C4F27}.Debug|Any CPU.ActiveCfg = Debug|Any CPU
		{CEBB0024-B8F0-43AB-ADF7-55DAE09C4F27}.Debug|Any CPU.Build.0 = Debug|Any CPU
		{CEBB0024-B8F0-43AB-ADF7-55DAE09C4F27}.Release|Any CPU.ActiveCfg = Release|Any CPU
		{CEBB0024-B8F0-43AB-ADF7-55DAE09C4F27}.Release|Any CPU.Build.0 = Release|Any CPU
		{3CDF7759-D72E-40FA-BE72-57F2C45F0D66}.Debug|Any CPU.ActiveCfg = Debug|Any CPU
		{3CDF7759-D72E-40FA-BE72-57F2C45F0D66}.Debug|Any CPU.Build.0 = Debug|Any CPU
		{3CDF7759-D72E-40FA-BE72-57F2C45F0D66}.Release|Any CPU.ActiveCfg = Release|Any CPU
		{3CDF7759-D72E-40FA-BE72-57F2C45F0D66}.Release|Any CPU.Build.0 = Release|Any CPU
		{5E397637-16E5-412F-9B49-1E7C19762F61}.Debug|Any CPU.ActiveCfg = Debug|Any CPU
		{5E397637-16E5-412F-9B49-1E7C19762F61}.Debug|Any CPU.Build.0 = Debug|Any CPU
		{5E397637-16E5-412F-9B49-1E7C19762F61}.Release|Any CPU.ActiveCfg = Release|Any CPU
		{5E397637-16E5-412F-9B49-1E7C19762F61}.Release|Any CPU.Build.0 = Release|Any CPU
	EndGlobalSection
	GlobalSection(SolutionProperties) = preSolution
		HideSolutionNode = FALSE
	EndGlobalSection
	GlobalSection(ExtensibilityGlobals) = postSolution
		SolutionGuid = {0F11DE23-06C2-4117-BB7F-A27B267009B1}
	EndGlobalSection
EndGlobal
